dependencies:
- name: superset
  repository: https://apache.github.io/superset
  version: 0.15.0
- name: trino
  repository: https://trinodb.github.io/charts
  version: 0.34.0
- name: kube-starrocks
  repository: https://starrocks.github.io/starrocks-kubernetes-operator
  version: 1.11.2
- name: stackgres-operator
  repository: https://stackgres.io/downloads/stackgres-k8s/stackgres/helm
  version: 1.17.2
- name: opensearch
  repository: https://charts.bitnami.com/bitnami
  version: 1.9.4
digest: sha256:3387d989c18f6457f5666e189266a7118dec94b8617986cb8aa2b04b1ac9b72c
generated: "2025-10-10T10:41:54.715871644+03:00"
